
Microsoft Visual Studio Solution File, Format Version 12.00
# Visual Studio Version 17
VisualStudioVersion = 17.14.36414.22 d17.14
MinimumVisualStudioVersion = 10.0.40219.1
Project("{FAE04EC0-301F-11D3-BF4B-00C04F79EFBC}") = "Assignment1.1.1", "Assignment1.1.1.csproj", "{1962BF2D-D4C0-47C3-9D61-FB44C1414E2D}"
EndProject
Global
	GlobalSection(SolutionConfigurationPlatforms) = preSolution
		Debug|Any CPU = Debug|Any CPU
		Release|Any CPU = Release|Any CPU
	EndGlobalSection
	GlobalSection(ProjectConfigurationPlatforms) = postSolution
		{1962BF2D-D4C0-47C3-9D61-FB44C1414E2D}.Debug|Any CPU.ActiveCfg = Debug|Any CPU
		{1962BF2D-D4C0-47C3-9D61-FB44C1414E2D}.Debug|Any CPU.Build.0 = Debug|Any CPU
		{1962BF2D-D4C0-47C3-9D61-FB44C1414E2D}.Release|Any CPU.ActiveCfg = Release|Any CPU
		{1962BF2D-D4C0-47C3-9D61-FB44C1414E2D}.Release|Any CPU.Build.0 = Release|Any CPU
	EndGlobalSection
	GlobalSection(SolutionProperties) = preSolution
		HideSolutionNode = FALSE
	EndGlobalSection
	GlobalSection(ExtensibilityGlobals) = postSolution
		SolutionGuid = {BD43BD72-8641-4A3A-A1E8-356CFCE9763D}
	EndGlobalSection
EndGlobal
